
Microsoft Visual Studio Solution File, Format Version 12.00
# Visual Studio Version 16
VisualStudioVersion = 16.0.31729.503
MinimumVisualStudioVersion = 10.0.40219.1
Project("{FAE04EC0-301F-11D3-BF4B-00C04F79EFBC}") = "rppoon_dz1", "rppoon_dz1\rppoon_dz1.csproj", "{31FCE27B-C7B9-488B-92D8-35C0F24C55AA}"
EndProject
Global
	GlobalSection(SolutionConfigurationPlatforms) = preSolution
		Debug|Any CPU = Debug|Any CPU
		Release|Any CPU = Release|Any CPU
	EndGlobalSection
	GlobalSection(ProjectConfigurationPlatforms) = postSolution
		{31FCE27B-C7B9-488B-92D8-35C0F24C55AA}.Debug|Any CPU.ActiveCfg = Debug|Any CPU
		{31FCE27B-C7B9-488B-92D8-35C0F24C55AA}.Debug|Any CPU.Build.0 = Debug|Any CPU
		{31FCE27B-C7B9-488B-92D8-35C0F24C55AA}.Release|Any CPU.ActiveCfg = Release|Any CPU
		{31FCE27B-C7B9-488B-92D8-35C0F24C55AA}.Release|Any CPU.Build.0 = Release|Any CPU
	EndGlobalSection
	GlobalSection(SolutionProperties) = preSolution
		HideSolutionNode = FALSE
	EndGlobalSection
	GlobalSection(ExtensibilityGlobals) = postSolution
		SolutionGuid = {BD4EA6E3-0181-44D6-8FCD-CC475D43E99D}
	EndGlobalSection
EndGlobal
